# This file is autogenerated, do not edit; changes may be undone by the next 'dep ensure'.


[[projects]]
  branch = "master"
  digest = "1:dc5521cda5a001cfe7037e2dd32a04e0d3411517e06e953c8fe3c0b96a1c072f"
  name = "github.com/daaku/go.httpgzip"
  packages = ["."]
  pruneopts = "UT"
  revision = "86d27ccd810bc3cebed94cc038c8e3f274219627"

[[projects]]
  digest = "1:c79fb010be38a59d657c48c6ba1d003a8aa651fa56b579d959d74573b7dff8e1"
  name = "github.com/gorilla/context"
  packages = ["."]
  pruneopts = "UT"
  revision = "08b5f424b9271eedf6f9f0ce86cb9396ed337a42"
  version = "v1.1.1"

[[projects]]
  digest = "1:ca59b1175189b3f0e9f1793d2c350114be36eaabbe5b9f554b35edee1de50aea"
  name = "github.com/gorilla/mux"
  packages = ["."]
  pruneopts = "UT"
  revision = "a7962380ca08b5a188038c69871b8d3fbdf31e89"
  version = "v1.7.0"

[[projects]]
  digest = "1:5db69d6e33a314a84f3d9498b13f498d76341da75e1ed6c374d7b36c0d8c76b7"
  name = "github.com/gorilla/pat"
  packages = ["."]
  pruneopts = "UT"
  revision = "71e7b868be7be92ceedfa2836fb96701b5b4b123"
  version = "v1.0"

[[projects]]
  digest = "1:274f67cb6fed9588ea2521ecdac05a6d62a8c51c074c1fccc6a49a40ba80e925"
  name = "github.com/satori/go.uuid"
  packages = ["."]
  pruneopts = "UT"
  revision = "f58768cc1a7a7e77a3bd49e98cdd21419399b6a3"
  version = "v1.2.0"

[[projects]]
  branch = "master"
  digest = "1:89f74ef7b88dea000b89d1f59ab94a51dfcd8906f76b19044d7e582a2ce68c02"
  name = "github.com/tidepool-org/go-common"
  packages = [
    ".",
    "atomics",
    "clients",
    "clients/disc",
    "clients/hakken",
    "clients/highwater",
    "clients/mongo",
    "clients/shoreline",
    "clients/status",
    "errors",
    "jepson",
  ]
  pruneopts = "UT"
  revision = "917f1c799174c7d00c672467c2e0de79378f9bf4"

[[projects]]
  branch = "(default)"
  digest = "1:c07b3af801fce1598c1c7c6ae3665b17cdbf4f3b021c6d24c592f805f51a6d42"
  name = "labix.org/v2/mgo"
  packages = [
    ".",
    "bson",
    "sasl",
    "txn",
  ]
  pruneopts = "UT"
  revision = "gustavo@niemeyer.net-20140701140051-90be2tvk93pcczzi"

[[projects]]
  branch = "(default)"
  digest = "1:11abfd58f315ad451ae9280a07c130816b3a23d5cec702d69f53d01a50319895"
  name = "launchpad.net/gocheck"
  packages = ["."]
  pruneopts = "UT"
  revision = "gustavo@niemeyer.net-20140225173054-xu9zlkf9kxhvow02"

[solve-meta]
  analyzer-name = "dep"
  analyzer-version = 1
  input-imports = [
    "github.com/daaku/go.httpgzip",
    "github.com/gorilla/context",
    "github.com/gorilla/mux",
    "github.com/gorilla/pat",
    "github.com/satori/go.uuid",
    "github.com/tidepool-org/go-common",
    "github.com/tidepool-org/go-common/atomics",
    "github.com/tidepool-org/go-common/clients",
    "github.com/tidepool-org/go-common/clients/disc",
    "github.com/tidepool-org/go-common/clients/hakken",
    "github.com/tidepool-org/go-common/clients/highwater",
    "github.com/tidepool-org/go-common/clients/mongo",
    "github.com/tidepool-org/go-common/clients/shoreline",
    "github.com/tidepool-org/go-common/clients/status",
    "github.com/tidepool-org/go-common/errors",
    "github.com/tidepool-org/go-common/jepson",
    "labix.org/v2/mgo",
    "labix.org/v2/mgo/bson",
    "labix.org/v2/mgo/sasl",
    "labix.org/v2/mgo/txn",
    "launchpad.net/gocheck",
  ]
  solver-name = "gps-cdcl"
  solver-version = 1
