# This file is autogenerated, do not edit; changes may be undone by the next 'dep ensure'.


[[projects]]
  branch = "master"
  digest = "1:dc5521cda5a001cfe7037e2dd32a04e0d3411517e06e953c8fe3c0b96a1c072f"
  name = "github.com/daaku/go.httpgzip"
  packages = ["."]
  pruneopts = "UT"
  revision = "86d27ccd810bc3cebed94cc038c8e3f274219627"

[[projects]]
  branch = "master"
  digest = "1:78102ee4d536347316bc42e818340cc50902e45dbd7fdd524c5a1fc0cb07b588"
  name = "github.com/globalsign/mgo"
  packages = [
    ".",
    "bson",
    "internal/json",
    "internal/sasl",
    "internal/scram",
  ]
  pruneopts = "UT"
  revision = "eeefdecb41b842af6dc652aaea4026e8403e62df"

[[projects]]
  digest = "1:c79fb010be38a59d657c48c6ba1d003a8aa651fa56b579d959d74573b7dff8e1"
  name = "github.com/gorilla/context"
  packages = ["."]
  pruneopts = "UT"
  revision = "08b5f424b9271eedf6f9f0ce86cb9396ed337a42"
  version = "v1.1.1"

[[projects]]
  digest = "1:d5f97fc268267ec1b61c3453058c738246fc3e746f14b1ae25161513b7367b0c"
  name = "github.com/gorilla/mux"
  packages = ["."]
  pruneopts = "UT"
  revision = "c5c6c98bc25355028a63748a498942a6398ccd22"
  version = "v1.7.1"

[[projects]]
  digest = "1:5db69d6e33a314a84f3d9498b13f498d76341da75e1ed6c374d7b36c0d8c76b7"
  name = "github.com/gorilla/pat"
  packages = ["."]
  pruneopts = "UT"
  revision = "71e7b868be7be92ceedfa2836fb96701b5b4b123"
  version = "v1.0"

[[projects]]
  digest = "1:274f67cb6fed9588ea2521ecdac05a6d62a8c51c074c1fccc6a49a40ba80e925"
  name = "github.com/satori/go.uuid"
  packages = ["."]
  pruneopts = "UT"
  revision = "f58768cc1a7a7e77a3bd49e98cdd21419399b6a3"
  version = "v1.2.0"

[[projects]]
  branch = "mgodriver"
  digest = "1:00109e2676f15ab74cd02d20911851f7c74564871c0a0753b8b12c874bc6ab55"
  name = "github.com/tidepool-org/go-common"
  packages = [
    ".",
    "clients",
    "clients/disc",
    "clients/hakken",
    "clients/highwater",
    "clients/mongo",
    "clients/shoreline",
    "clients/status",
    "errors",
    "jepson",
  ]
  pruneopts = "UT"
  revision = "98e8aeba86a1ccfc954900290819c0e9b483abd4"

[solve-meta]
  analyzer-name = "dep"
  analyzer-version = 1
  input-imports = [
    "github.com/daaku/go.httpgzip",
    "github.com/globalsign/mgo",
    "github.com/globalsign/mgo/bson",
    "github.com/gorilla/pat",
    "github.com/satori/go.uuid",
    "github.com/tidepool-org/go-common",
    "github.com/tidepool-org/go-common/clients",
    "github.com/tidepool-org/go-common/clients/disc",
    "github.com/tidepool-org/go-common/clients/hakken",
    "github.com/tidepool-org/go-common/clients/mongo",
    "github.com/tidepool-org/go-common/clients/shoreline",
  ]
  solver-name = "gps-cdcl"
  solver-version = 1
